
Microsoft Visual Studio Solution File, Format Version 12.00
# Visual Studio Version 17
VisualStudioVersion = 17.6.33815.320
MinimumVisualStudioVersion = 10.0.40219.1
Project("{FAE04EC0-301F-11D3-BF4B-00C04F79EFBC}") = "ShipBattle", "ShipBattle.csproj", "{7B153DB2-6EE1-4D5E-856A-56E2D3FB4ABD}"
EndProject
Global
	GlobalSection(SolutionConfigurationPlatforms) = preSolution
		Debug|Any CPU = Debug|Any CPU
		Release|Any CPU = Release|Any CPU
	EndGlobalSection
	GlobalSection(ProjectConfigurationPlatforms) = postSolution
		{7B153DB2-6EE1-4D5E-856A-56E2D3FB4ABD}.Debug|Any CPU.ActiveCfg = Debug|Any CPU
		{7B153DB2-6EE1-4D5E-856A-56E2D3FB4ABD}.Debug|Any CPU.Build.0 = Debug|Any CPU
		{7B153DB2-6EE1-4D5E-856A-56E2D3FB4ABD}.Release|Any CPU.ActiveCfg = Release|Any CPU
		{7B153DB2-6EE1-4D5E-856A-56E2D3FB4ABD}.Release|Any CPU.Build.0 = Release|Any CPU
	EndGlobalSection
	GlobalSection(SolutionProperties) = preSolution
		HideSolutionNode = FALSE
	EndGlobalSection
	GlobalSection(ExtensibilityGlobals) = postSolution
		SolutionGuid = {F25C79AC-9DE0-431A-8E24-BD77EB63C60D}
	EndGlobalSection
EndGlobal
